// !$*UTF8*$!
{
	archiveVersion = 1;
	classes = {
	};
	objectVersion = 50;
	objects = {

/* Begin PBXBuildFile section */
		1ECC236B25E6CAE0000B620D /* AppDelegate.swift in Sources */ = {isa = PBXBuildFile; fileRef = 1ECC236A25E6CAE0000B620D /* AppDelegate.swift */; };
		1ECC236D25E6CAE0000B620D /* SceneDelegate.swift in Sources */ = {isa = PBXBuildFile; fileRef = 1ECC236C25E6CAE0000B620D /* SceneDelegate.swift */; };
		1ECC236F25E6CAE0000B620D /* ViewController.swift in Sources */ = {isa = PBXBuildFile; fileRef = 1ECC236E25E6CAE0000B620D /* ViewController.swift */; };
		1ECC237225E6CAE0000B620D /* Main.storyboard in Resources */ = {isa = PBXBuildFile; fileRef = 1ECC237025E6CAE0000B620D /* Main.storyboard */; };
		1ECC237425E6CAE4000B620D /* Assets.xcassets in Resources */ = {isa = PBXBuildFile; fileRef = 1ECC237325E6CAE4000B620D /* Assets.xcassets */; };
		1ECC237725E6CAE4000B620D /* LaunchScreen.storyboard in Resources */ = {isa = PBXBuildFile; fileRef = 1ECC237525E6CAE4000B620D /* LaunchScreen.storyboard */; };
		8538B96925EFC2E500301316 /* MusicPlayerViewController.swift in Sources */ = {isa = PBXBuildFile; fileRef = 8538B96825EFC2E500301316 /* MusicPlayerViewController.swift */; };
		8538B96D25EFC48C00301316 /* song1.mp3 in Resources */ = {isa = PBXBuildFile; fileRef = 8538B96C25EFC48C00301316 /* song1.mp3 */; };
		8538B97225EFC69E00301316 /* song2.mp3 in Resources */ = {isa = PBXBuildFile; fileRef = 8538B97025EFC69E00301316 /* song2.mp3 */; };
		8538B97325EFC69E00301316 /* song3.mp3 in Resources */ = {isa = PBXBuildFile; fileRef = 8538B97125EFC69E00301316 /* song3.mp3 */; };
		856CC9DB25EE9E8600171D57 /* HealthKit.framework in Frameworks */ = {isa = PBXBuildFile; fileRef = 856CC9DA25EE9E8600171D57 /* HealthKit.framework */; };
		8585D8EF25F1542F0038F2FF /* MyTableViewCell.swift in Sources */ = {isa = PBXBuildFile; fileRef = 8585D8ED25F1542F0038F2FF /* MyTableViewCell.swift */; };
		8585D8F025F1542F0038F2FF /* MyTableViewCell.xib in Resources */ = {isa = PBXBuildFile; fileRef = 8585D8EE25F1542F0038F2FF /* MyTableViewCell.xib */; };
		8585D8F425F155990038F2FF /* MusicLibraryViewController.swift in Sources */ = {isa = PBXBuildFile; fileRef = 8585D8F325F155990038F2FF /* MusicLibraryViewController.swift */; };
/* End PBXBuildFile section */

/* Begin PBXFileReference section */
		1ECC236725E6CAE0000B620D /* CalmMind.app */ = {isa = PBXFileReference; explicitFileType = wrapper.application; includeInIndex = 0; path = CalmMind.app; sourceTree = BUILT_PRODUCTS_DIR; };
		1ECC236A25E6CAE0000B620D /* AppDelegate.swift */ = {isa = PBXFileReference; lastKnownFileType = sourcecode.swift; path = AppDelegate.swift; sourceTree = "<group>"; };
		1ECC236C25E6CAE0000B620D /* SceneDelegate.swift */ = {isa = PBXFileReference; lastKnownFileType = sourcecode.swift; path = SceneDelegate.swift; sourceTree = "<group>"; };
		1ECC236E25E6CAE0000B620D /* ViewController.swift */ = {isa = PBXFileReference; lastKnownFileType = sourcecode.swift; path = ViewController.swift; sourceTree = "<group>"; };
		1ECC237125E6CAE0000B620D /* Base */ = {isa = PBXFileReference; lastKnownFileType = file.storyboard; name = Base; path = Base.lproj/Main.storyboard; sourceTree = "<group>"; };
		1ECC237325E6CAE4000B620D /* Assets.xcassets */ = {isa = PBXFileReference; lastKnownFileType = folder.assetcatalog; path = Assets.xcassets; sourceTree = "<group>"; };
		1ECC237625E6CAE4000B620D /* Base */ = {isa = PBXFileReference; lastKnownFileType = file.storyboard; name = Base; path = Base.lproj/LaunchScreen.storyboard; sourceTree = "<group>"; };
		1ECC237825E6CAE4000B620D /* Info.plist */ = {isa = PBXFileReference; lastKnownFileType = text.plist.xml; path = Info.plist; sourceTree = "<group>"; };
		8538B96825EFC2E500301316 /* MusicPlayerViewController.swift */ = {isa = PBXFileReference; lastKnownFileType = sourcecode.swift; path = MusicPlayerViewController.swift; sourceTree = "<group>"; };
		8538B96C25EFC48C00301316 /* song1.mp3 */ = {isa = PBXFileReference; lastKnownFileType = audio.mp3; name = song1.mp3; path = ../../../song1.mp3; sourceTree = "<group>"; };
		8538B97025EFC69E00301316 /* song2.mp3 */ = {isa = PBXFileReference; lastKnownFileType = audio.mp3; name = song2.mp3; path = ../../../song2.mp3; sourceTree = "<group>"; };
		8538B97125EFC69E00301316 /* song3.mp3 */ = {isa = PBXFileReference; lastKnownFileType = audio.mp3; name = song3.mp3; path = ../../../song3.mp3; sourceTree = "<group>"; };
		856CC9D825EE9E8600171D57 /* CalmMind.entitlements */ = {isa = PBXFileReference; lastKnownFileType = text.plist.entitlements; path = CalmMind.entitlements; sourceTree = "<group>"; };
		856CC9DA25EE9E8600171D57 /* HealthKit.framework */ = {isa = PBXFileReference; lastKnownFileType = wrapper.framework; name = HealthKit.framework; path = System/Library/Frameworks/HealthKit.framework; sourceTree = SDKROOT; };
		8585D8ED25F1542F0038F2FF /* MyTableViewCell.swift */ = {isa = PBXFileReference; lastKnownFileType = sourcecode.swift; path = MyTableViewCell.swift; sourceTree = "<group>"; };
		8585D8EE25F1542F0038F2FF /* MyTableViewCell.xib */ = {isa = PBXFileReference; lastKnownFileType = file.xib; path = MyTableViewCell.xib; sourceTree = "<group>"; };
		8585D8F325F155990038F2FF /* MusicLibraryViewController.swift */ = {isa = PBXFileReference; lastKnownFileType = sourcecode.swift; path = MusicLibraryViewController.swift; sourceTree = "<group>"; };
/* End PBXFileReference section */

/* Begin PBXFrameworksBuildPhase section */
		1ECC236425E6CAE0000B620D /* Frameworks */ = {
			isa = PBXFrameworksBuildPhase;
			buildActionMask = 2147483647;
			files = (
				856CC9DB25EE9E8600171D57 /* HealthKit.framework in Frameworks */,
			);
			runOnlyForDeploymentPostprocessing = 0;
		};
/* End PBXFrameworksBuildPhase section */

/* Begin PBXGroup section */
		1ECC235E25E6CAE0000B620D = {
			isa = PBXGroup;
			children = (
				1ECC236925E6CAE0000B620D /* CalmMind */,
				1ECC236825E6CAE0000B620D /* Products */,
				856CC9D925EE9E8600171D57 /* Frameworks */,
			);
			sourceTree = "<group>";
		};
		1ECC236825E6CAE0000B620D /* Products */ = {
			isa = PBXGroup;
			children = (
				1ECC236725E6CAE0000B620D /* CalmMind.app */,
			);
			name = Products;
			sourceTree = "<group>";
		};
		1ECC236925E6CAE0000B620D /* CalmMind */ = {
			isa = PBXGroup;
			children = (
				8538B96B25EFC46400301316 /* Audio */,
				856CC9D825EE9E8600171D57 /* CalmMind.entitlements */,
				1ECC236A25E6CAE0000B620D /* AppDelegate.swift */,
				1ECC236C25E6CAE0000B620D /* SceneDelegate.swift */,
				1ECC236E25E6CAE0000B620D /* ViewController.swift */,
				8538B96825EFC2E500301316 /* MusicPlayerViewController.swift */,
				8585D8F325F155990038F2FF /* MusicLibraryViewController.swift */,
				1ECC237025E6CAE0000B620D /* Main.storyboard */,
				1ECC237325E6CAE4000B620D /* Assets.xcassets */,
				1ECC237525E6CAE4000B620D /* LaunchScreen.storyboard */,
				1ECC237825E6CAE4000B620D /* Info.plist */,
				8585D8ED25F1542F0038F2FF /* MyTableViewCell.swift */,
				8585D8EE25F1542F0038F2FF /* MyTableViewCell.xib */,
			);
			path = CalmMind;
			sourceTree = "<group>";
		};
		8538B96B25EFC46400301316 /* Audio */ = {
			isa = PBXGroup;
			children = (
				8538B96C25EFC48C00301316 /* song1.mp3 */,
				8538B97025EFC69E00301316 /* song2.mp3 */,
				8538B97125EFC69E00301316 /* song3.mp3 */,
			);
			path = Audio;
			sourceTree = "<group>";
		};
		856CC9D925EE9E8600171D57 /* Frameworks */ = {
			isa = PBXGroup;
			children = (
				856CC9DA25EE9E8600171D57 /* HealthKit.framework */,
			);
			name = Frameworks;
			sourceTree = "<group>";
		};
/* End PBXGroup section */

/* Begin PBXNativeTarget section */
		1ECC236625E6CAE0000B620D /* CalmMind */ = {
			isa = PBXNativeTarget;
			buildConfigurationList = 1ECC237B25E6CAE4000B620D /* Build configuration list for PBXNativeTarget "CalmMind" */;
			buildPhases = (
				1ECC236325E6CAE0000B620D /* Sources */,
				1ECC236425E6CAE0000B620D /* Frameworks */,
				1ECC236525E6CAE0000B620D /* Resources */,
			);
			buildRules = (
			);
			dependencies = (
			);
			name = CalmMind;
			productName = CalmMind;
			productReference = 1ECC236725E6CAE0000B620D /* CalmMind.app */;
			productType = "com.apple.product-type.application";
		};
/* End PBXNativeTarget section */

/* Begin PBXProject section */
		1ECC235F25E6CAE0000B620D /* Project object */ = {
			isa = PBXProject;
			attributes = {
				LastSwiftUpdateCheck = 1230;
				LastUpgradeCheck = 1230;
				TargetAttributes = {
					1ECC236625E6CAE0000B620D = {
						CreatedOnToolsVersion = 12.3;
					};
				};
			};
			buildConfigurationList = 1ECC236225E6CAE0000B620D /* Build configuration list for PBXProject "CalmMind" */;
			compatibilityVersion = "Xcode 9.3";
			developmentRegion = en;
			hasScannedForEncodings = 0;
			knownRegions = (
				en,
				Base,
			);
			mainGroup = 1ECC235E25E6CAE0000B620D;
			productRefGroup = 1ECC236825E6CAE0000B620D /* Products */;
			projectDirPath = "";
			projectRoot = "";
			targets = (
				1ECC236625E6CAE0000B620D /* CalmMind */,
			);
		};
/* End PBXProject section */

/* Begin PBXResourcesBuildPhase section */
		1ECC236525E6CAE0000B620D /* Resources */ = {
			isa = PBXResourcesBuildPhase;
			buildActionMask = 2147483647;
			files = (
				1ECC237725E6CAE4000B620D /* LaunchScreen.storyboard in Resources */,
				8538B97325EFC69E00301316 /* song3.mp3 in Resources */,
				1ECC237425E6CAE4000B620D /* Assets.xcassets in Resources */,
				1ECC237225E6CAE0000B620D /* Main.storyboard in Resources */,
				8538B96D25EFC48C00301316 /* song1.mp3 in Resources */,
				8585D8F025F1542F0038F2FF /* MyTableViewCell.xib in Resources */,
				8538B97225EFC69E00301316 /* song2.mp3 in Resources */,
			);
			runOnlyForDeploymentPostprocessing = 0;
		};
/* End PBXResourcesBuildPhase section */

/* Begin PBXSourcesBuildPhase section */
		1ECC236325E6CAE0000B620D /* Sources */ = {
			isa = PBXSourcesBuildPhase;
			buildActionMask = 2147483647;
			files = (
				8585D8F425F155990038F2FF /* MusicLibraryViewController.swift in Sources */,
				1ECC236F25E6CAE0000B620D /* ViewController.swift in Sources */,
				1ECC236B25E6CAE0000B620D /* AppDelegate.swift in Sources */,
				1ECC236D25E6CAE0000B620D /* SceneDelegate.swift in Sources */,
				8585D8EF25F1542F0038F2FF /* MyTableViewCell.swift in Sources */,
				8538B96925EFC2E500301316 /* MusicPlayerViewController.swift in Sources */,
			);
			runOnlyForDeploymentPostprocessing = 0;
		};
/* End PBXSourcesBuildPhase section */

/* Begin PBXVariantGroup section */
		1ECC237025E6CAE0000B620D /* Main.storyboard */ = {
			isa = PBXVariantGroup;
			children = (
				1ECC237125E6CAE0000B620D /* Base */,
			);
			name = Main.storyboard;
			sourceTree = "<group>";
		};
		1ECC237525E6CAE4000B620D /* LaunchScreen.storyboard */ = {
			isa = PBXVariantGroup;
			children = (
				1ECC237625E6CAE4000B620D /* Base */,
			);
			name = LaunchScreen.storyboard;
			sourceTree = "<group>";
		};
/* End PBXVariantGroup section */

/* Begin XCBuildConfiguration section */
		1ECC237925E6CAE4000B620D /* Debug */ = {
			isa = XCBuildConfiguration;
			buildSettings = {
				ALWAYS_SEARCH_USER_PATHS = NO;
				CLANG_ANALYZER_NONNULL = YES;
				CLANG_ANALYZER_NUMBER_OBJECT_CONVERSION = YES_AGGRESSIVE;
				CLANG_CXX_LANGUAGE_STANDARD = "gnu++14";
				CLANG_CXX_LIBRARY = "libc++";
				CLANG_ENABLE_MODULES = YES;
				CLANG_ENABLE_OBJC_ARC = YES;
				CLANG_ENABLE_OBJC_WEAK = YES;
				CLANG_WARN_BLOCK_CAPTURE_AUTORELEASING = YES;
				CLANG_WARN_BOOL_CONVERSION = YES;
				CLANG_WARN_COMMA = YES;
				CLANG_WARN_CONSTANT_CONVERSION = YES;
				CLANG_WARN_DEPRECATED_OBJC_IMPLEMENTATIONS = YES;
				CLANG_WARN_DIRECT_OBJC_ISA_USAGE = YES_ERROR;
				CLANG_WARN_DOCUMENTATION_COMMENTS = YES;
				CLANG_WARN_EMPTY_BODY = YES;
				CLANG_WARN_ENUM_CONVERSION = YES;
				CLANG_WARN_INFINITE_RECURSION = YES;
				CLANG_WARN_INT_CONVERSION = YES;
				CLANG_WARN_NON_LITERAL_NULL_CONVERSION = YES;
				CLANG_WARN_OBJC_IMPLICIT_RETAIN_SELF = YES;
				CLANG_WARN_OBJC_LITERAL_CONVERSION = YES;
				CLANG_WARN_OBJC_ROOT_CLASS = YES_ERROR;
				CLANG_WARN_QUOTED_INCLUDE_IN_FRAMEWORK_HEADER = YES;
				CLANG_WARN_RANGE_LOOP_ANALYSIS = YES;
				CLANG_WARN_STRICT_PROTOTYPES = YES;
				CLANG_WARN_SUSPICIOUS_MOVE = YES;
				CLANG_WARN_UNGUARDED_AVAILABILITY = YES_AGGRESSIVE;
				CLANG_WARN_UNREACHABLE_CODE = YES;
				CLANG_WARN__DUPLICATE_METHOD_MATCH = YES;
				COPY_PHASE_STRIP = NO;
				DEBUG_INFORMATION_FORMAT = dwarf;
				ENABLE_STRICT_OBJC_MSGSEND = YES;
				ENABLE_TESTABILITY = YES;
				GCC_C_LANGUAGE_STANDARD = gnu11;
				GCC_DYNAMIC_NO_PIC = NO;
				GCC_NO_COMMON_BLOCKS = YES;
				GCC_OPTIMIZATION_LEVEL = 0;
				GCC_PREPROCESSOR_DEFINITIONS = (
					"DEBUG=1",
					"$(inherited)",
				);
				GCC_WARN_64_TO_32_BIT_CONVERSION = YES;
				GCC_WARN_ABOUT_RETURN_TYPE = YES_ERROR;
				GCC_WARN_UNDECLARED_SELECTOR = YES;
				GCC_WARN_UNINITIALIZED_AUTOS = YES_AGGRESSIVE;
				GCC_WARN_UNUSED_FUNCTION = YES;
				GCC_WARN_UNUSED_VARIABLE = YES;
				IPHONEOS_DEPLOYMENT_TARGET = 14.3;
				MTL_ENABLE_DEBUG_INFO = INCLUDE_SOURCE;
				MTL_FAST_MATH = YES;
				ONLY_ACTIVE_ARCH = YES;
				SDKROOT = iphoneos;
				SWIFT_ACTIVE_COMPILATION_CONDITIONS = DEBUG;
				SWIFT_OPTIMIZATION_LEVEL = "-Onone";
			};
			name = Debug;
		};
		1ECC237A25E6CAE4000B620D /* Release */ = {
			isa = XCBuildConfiguration;
			buildSettings = {
				ALWAYS_SEARCH_USER_PATHS = NO;
				CLANG_ANALYZER_NONNULL = YES;
				CLANG_ANALYZER_NUMBER_OBJECT_CONVERSION = YES_AGGRESSIVE;
				CLANG_CXX_LANGUAGE_STANDARD = "gnu++14";
				CLANG_CXX_LIBRARY = "libc++";
				CLANG_ENABLE_MODULES = YES;
				CLANG_ENABLE_OBJC_ARC = YES;
				CLANG_ENABLE_OBJC_WEAK = YES;
				CLANG_WARN_BLOCK_CAPTURE_AUTORELEASING = YES;
				CLANG_WARN_BOOL_CONVERSION = YES;
				CLANG_WARN_COMMA = YES;
				CLANG_WARN_CONSTANT_CONVERSION = YES;
				CLANG_WARN_DEPRECATED_OBJC_IMPLEMENTATIONS = YES;
				CLANG_WARN_DIRECT_OBJC_ISA_USAGE = YES_ERROR;
				CLANG_WARN_DOCUMENTATION_COMMENTS = YES;
				CLANG_WARN_EMPTY_BODY = YES;
				CLANG_WARN_ENUM_CONVERSION = YES;
				CLANG_WARN_INFINITE_RECURSION = YES;
				CLANG_WARN_INT_CONVERSION = YES;
				CLANG_WARN_NON_LITERAL_NULL_CONVERSION = YES;
				CLANG_WARN_OBJC_IMPLICIT_RETAIN_SELF = YES;
				CLANG_WARN_OBJC_LITERAL_CONVERSION = YES;
				CLANG_WARN_OBJC_ROOT_CLASS = YES_ERROR;
				CLANG_WARN_QUOTED_INCLUDE_IN_FRAMEWORK_HEADER = YES;
				CLANG_WARN_RANGE_LOOP_ANALYSIS = YES;
				CLANG_WARN_STRICT_PROTOTYPES = YES;
				CLANG_WARN_SUSPICIOUS_MOVE = YES;
				CLANG_WARN_UNGUARDED_AVAILABILITY = YES_AGGRESSIVE;
				CLANG_WARN_UNREACHABLE_CODE = YES;
				CLANG_WARN__DUPLICATE_METHOD_MATCH = YES;
				COPY_PHASE_STRIP = NO;
				DEBUG_INFORMATION_FORMAT = "dwarf-with-dsym";
				ENABLE_NS_ASSERTIONS = NO;
				ENABLE_STRICT_OBJC_MSGSEND = YES;
				GCC_C_LANGUAGE_STANDARD = gnu11;
				GCC_NO_COMMON_BLOCKS = YES;
				GCC_WARN_64_TO_32_BIT_CONVERSION = YES;
				GCC_WARN_ABOUT_RETURN_TYPE = YES_ERROR;
				GCC_WARN_UNDECLARED_SELECTOR = YES;
				GCC_WARN_UNINITIALIZED_AUTOS = YES_AGGRESSIVE;
				GCC_WARN_UNUSED_FUNCTION = YES;
				GCC_WARN_UNUSED_VARIABLE = YES;
				IPHONEOS_DEPLOYMENT_TARGET = 14.3;
				MTL_ENABLE_DEBUG_INFO = NO;
				MTL_FAST_MATH = YES;
				SDKROOT = iphoneos;
				SWIFT_COMPILATION_MODE = wholemodule;
				SWIFT_OPTIMIZATION_LEVEL = "-O";
				VALIDATE_PRODUCT = YES;
			};
			name = Release;
		};
		1ECC237C25E6CAE4000B620D /* Debug */ = {
			isa = XCBuildConfiguration;
			buildSettings = {
				ASSETCATALOG_COMPILER_APPICON_NAME = AppIcon;
				ASSETCATALOG_COMPILER_GLOBAL_ACCENT_COLOR_NAME = AccentColor;
				CODE_SIGN_ENTITLEMENTS = CalmMind/CalmMind.entitlements;
				CODE_SIGN_STYLE = Automatic;
				DEVELOPMENT_TEAM = 48CA855QPV;
				INFOPLIST_FILE = CalmMind/Info.plist;
				IPHONEOS_DEPLOYMENT_TARGET = 14.3;
				LD_RUNPATH_SEARCH_PATHS = (
					"$(inherited)",
					"@executable_path/Frameworks",
				);
				PRODUCT_BUNDLE_IDENTIFIER = Jun.X.CalmMind;
				PRODUCT_NAME = "$(TARGET_NAME)";
				SWIFT_VERSION = 5.0;
				TARGETED_DEVICE_FAMILY = 1;
			};
			name = Debug;
		};
		1ECC237D25E6CAE4000B620D /* Release */ = {
			isa = XCBuildConfiguration;
			buildSettings = {
				ASSETCATALOG_COMPILER_APPICON_NAME = AppIcon;
				ASSETCATALOG_COMPILER_GLOBAL_ACCENT_COLOR_NAME = AccentColor;
				CODE_SIGN_ENTITLEMENTS = CalmMind/CalmMind.entitlements;
				CODE_SIGN_STYLE = Automatic;
				DEVELOPMENT_TEAM = 48CA855QPV;
				INFOPLIST_FILE = CalmMind/Info.plist;
				IPHONEOS_DEPLOYMENT_TARGET = 14.3;
				LD_RUNPATH_SEARCH_PATHS = (
					"$(inherited)",
					"@executable_path/Frameworks",
				);
				PRODUCT_BUNDLE_IDENTIFIER = Jun.X.CalmMind;
				PRODUCT_NAME = "$(TARGET_NAME)";
				SWIFT_VERSION = 5.0;
				TARGETED_DEVICE_FAMILY = 1;
			};
			name = Release;
		};
/* End XCBuildConfiguration section */

/* Begin XCConfigurationList section */
		1ECC236225E6CAE0000B620D /* Build configuration list for PBXProject "CalmMind" */ = {
			isa = XCConfigurationList;
			buildConfigurations = (
				1ECC237925E6CAE4000B620D /* Debug */,
				1ECC237A25E6CAE4000B620D /* Release */,
			);
			defaultConfigurationIsVisible = 0;
			defaultConfigurationName = Release;
		};
		1ECC237B25E6CAE4000B620D /* Build configuration list for PBXNativeTarget "CalmMind" */ = {
			isa = XCConfigurationList;
			buildConfigurations = (
				1ECC237C25E6CAE4000B620D /* Debug */,
				1ECC237D25E6CAE4000B620D /* Release */,
			);
			defaultConfigurationIsVisible = 0;
			defaultConfigurationName = Release;
		};
/* End XCConfigurationList section */
	};
	rootObject = 1ECC235F25E6CAE0000B620D /* Project object */;
}
